
Microsoft Visual Studio Solution File, Format Version 12.00
# Visual Studio Version 16
VisualStudioVersion = 16.0.28803.202
MinimumVisualStudioVersion = 10.0.40219.1
Project("{9A19103F-16F7-4668-BE54-9A1E7A4F7556}") = "Soupernik2", "Soupernik2\Soupernik2.csproj", "{1B69DC12-6D48-4166-B6C2-1A957BA60CC0}"
EndProject
Project("{FAE04EC0-301F-11D3-BF4B-00C04F79EFBC}") = "Tabulkovnik", "Tabulkovnik\Tabulkovnik.csproj", "{4C59F6BA-CAAE-41E2-AE99-30FA0F503BB3}"
EndProject
Project("{FAE04EC0-301F-11D3-BF4B-00C04F79EFBC}") = "Plnicka", "Plnicka\Plnicka.csproj", "{461EC8AF-CB41-40D4-B847-1F25A2F19C90}"
EndProject
Project("{FAE04EC0-301F-11D3-BF4B-00C04F79EFBC}") = "Konstanty", "Konstanty\Konstanty.csproj", "{15B37C82-EFD2-47F8-B0C1-00476C90B286}"
EndProject
Global
	GlobalSection(SolutionConfigurationPlatforms) = preSolution
		Debug|Any CPU = Debug|Any CPU
		Release|Any CPU = Release|Any CPU
	EndGlobalSection
	GlobalSection(ProjectConfigurationPlatforms) = postSolution
		{1B69DC12-6D48-4166-B6C2-1A957BA60CC0}.Debug|Any CPU.ActiveCfg = Debug|Any CPU
		{1B69DC12-6D48-4166-B6C2-1A957BA60CC0}.Debug|Any CPU.Build.0 = Debug|Any CPU
		{1B69DC12-6D48-4166-B6C2-1A957BA60CC0}.Release|Any CPU.ActiveCfg = Release|Any CPU
		{1B69DC12-6D48-4166-B6C2-1A957BA60CC0}.Release|Any CPU.Build.0 = Release|Any CPU
		{4C59F6BA-CAAE-41E2-AE99-30FA0F503BB3}.Debug|Any CPU.ActiveCfg = Debug|Any CPU
		{4C59F6BA-CAAE-41E2-AE99-30FA0F503BB3}.Debug|Any CPU.Build.0 = Debug|Any CPU
		{4C59F6BA-CAAE-41E2-AE99-30FA0F503BB3}.Release|Any CPU.ActiveCfg = Release|Any CPU
		{4C59F6BA-CAAE-41E2-AE99-30FA0F503BB3}.Release|Any CPU.Build.0 = Release|Any CPU
		{461EC8AF-CB41-40D4-B847-1F25A2F19C90}.Debug|Any CPU.ActiveCfg = Debug|Any CPU
		{461EC8AF-CB41-40D4-B847-1F25A2F19C90}.Debug|Any CPU.Build.0 = Debug|Any CPU
		{461EC8AF-CB41-40D4-B847-1F25A2F19C90}.Release|Any CPU.ActiveCfg = Release|Any CPU
		{461EC8AF-CB41-40D4-B847-1F25A2F19C90}.Release|Any CPU.Build.0 = Release|Any CPU
		{15B37C82-EFD2-47F8-B0C1-00476C90B286}.Debug|Any CPU.ActiveCfg = Debug|Any CPU
		{15B37C82-EFD2-47F8-B0C1-00476C90B286}.Debug|Any CPU.Build.0 = Debug|Any CPU
		{15B37C82-EFD2-47F8-B0C1-00476C90B286}.Release|Any CPU.ActiveCfg = Release|Any CPU
		{15B37C82-EFD2-47F8-B0C1-00476C90B286}.Release|Any CPU.Build.0 = Release|Any CPU
	EndGlobalSection
	GlobalSection(SolutionProperties) = preSolution
		HideSolutionNode = FALSE
	EndGlobalSection
	GlobalSection(ExtensibilityGlobals) = postSolution
		SolutionGuid = {531DB47A-E24B-4EAC-AE21-27DB014F2049}
	EndGlobalSection
EndGlobal
